{
  "name": "safex-web",
  "version": "0.1.0",
  "lockfileVersion": 3,
  "requires": true,
  "packages": {
    "": {
      "name": "safex-web",
      "version": "0.1.0",
      "devDependencies": {
        "daisyui": "^5.4.7",
        "htmx.org": "^2.0.8",
        "tailwindcss": "^4.1"
      }
    },
    "node_modules/daisyui": {
      "version": "5.4.7",
      "resolved": "https://registry.npmjs.org/daisyui/-/daisyui-5.4.7.tgz",
      "integrity": "sha512-2wYO61vTPCXk7xEBgnzLZAYoE0xS5IRLu/GSq0vORpB+cTrtubdx69NnA0loc0exvCY1s2fYL4lGZtFHe2ohNQ==",
      "dev": true,
      "license": "MIT",
      "funding": {
        "url": "https://github.com/saadeghi/daisyui?sponsor=1"
      }
    },
    "node_modules/htmx.org": {
      "version": "2.0.8",
      "resolved": "https://registry.npmjs.org/htmx.org/-/htmx.org-2.0.8.tgz",
      "integrity": "sha512-fm297iru0iWsNJlBrjvtN7V9zjaxd+69Oqjh4F/Vq9Wwi2kFisLcrLCiv5oBX0KLfOX/zG8AUo9ROMU5XUB44Q==",
      "dev": true,
      "license": "0BSD"
    },
    "node_modules/tailwindcss": {
      "version": "4.1.17",
      "resolved": "https://registry.npmjs.org/tailwindcss/-/tailwindcss-4.1.17.tgz",
      "integrity": "sha512-j9Ee2YjuQqYT9bbRTfTZht9W/ytp5H+jJpZKiYdP/bpnXARAuELt9ofP0lPnmHjbga7SNQIxdTAXCmtKVYjN+Q==",
      "dev": true,
      "license": "MIT"
    }
  }
}
